
Microsoft Visual Studio Solution File, Format Version 12.00
# Visual Studio Version 16
VisualStudioVersion = 16.0.28729.10
MinimumVisualStudioVersion = 10.0.40219.1
Project("{FAE04EC0-301F-11D3-BF4B-00C04F79EFBC}") = "test", "test\test.csproj", "{C1293B64-B2CB-46CE-B1AF-7D69F20B79C4}"
EndProject
Project("{FAE04EC0-301F-11D3-BF4B-00C04F79EFBC}") = "ConsoleApp", "ConsoleApp\ConsoleApp.csproj", "{9CA00A75-E3CD-422B-9B4A-1A754CF9919A}"
EndProject
Project("{9A19103F-16F7-4668-BE54-9A1E7A4F7556}") = "ConsoleApp1", "ConsoleApp1\ConsoleApp1.csproj", "{A191D27E-FDBF-4D83-B1C4-FA60D0BA3043}"
EndProject
Project("{FAE04EC0-301F-11D3-BF4B-00C04F79EFBC}") = "WcfServiceLibrary1", "WcfServiceLibrary1\WcfServiceLibrary1.csproj", "{BD9ECF98-0045-4861-803A-6EE62778954E}"
EndProject
Project("{FAE04EC0-301F-11D3-BF4B-00C04F79EFBC}") = "WCFService", "WCFService\WCFService.csproj", "{FE7C4232-CE7B-428D-973A-E3209E127981}"
EndProject
Project("{FAE04EC0-301F-11D3-BF4B-00C04F79EFBC}") = "WindowsService", "WindowsService\WindowsService.csproj", "{57CCC963-FD76-4F8B-AD4F-CD03F22D47D0}"
EndProject
Project("{FAE04EC0-301F-11D3-BF4B-00C04F79EFBC}") = "WebApplication1", "WebApplication1\WebApplication1.csproj", "{4D6FF020-2120-41C2-9637-7E3C65723119}"
EndProject
Project("{FAE04EC0-301F-11D3-BF4B-00C04F79EFBC}") = "WordInFromWindows", "WordInFromWindows\WordInFromWindows.csproj", "{BB674005-6EFC-4666-A4A5-4ABEC060B21F}"
EndProject
Project("{FAE04EC0-301F-11D3-BF4B-00C04F79EFBC}") = "WPSTest", "WPSTest\WPSTest.csproj", "{D25FE270-D96A-4B90-BF0B-8AD13ED74337}"
EndProject
Project("{FAE04EC0-301F-11D3-BF4B-00C04F79EFBC}") = "DemoRichText", "..\DemoRichText\DemoRichText.csproj", "{D1E87BC9-60D9-49AB-854C-6B277A580A0F}"
EndProject
Project("{FAE04EC0-301F-11D3-BF4B-00C04F79EFBC}") = "CustomControl", "CustomControl\CustomControl.csproj", "{8FFFB3E4-A106-480C-BFD4-B19DBAA7D05E}"
EndProject
Project("{FAE04EC0-301F-11D3-BF4B-00C04F79EFBC}") = "DemoCustom", "DemoCustom\DemoCustom.csproj", "{F1D10440-292B-4223-9D95-D71907FA23AD}"
EndProject
Project("{2150E333-8FDC-42A3-9474-1A3956D46DE8}") = "TextEditor", "TextEditor", "{B9EB4D8C-15BE-4C31-8B52-BD82D243B581}"
EndProject
Project("{FAE04EC0-301F-11D3-BF4B-00C04F79EFBC}") = "TextControl", "TextControl\TextControl.csproj", "{DA00B3D9-7CE5-4634-A7D2-9A6D3F92C382}"
EndProject
Project("{2150E333-8FDC-42A3-9474-1A3956D46DE8}") = "Console", "Console", "{C3319818-9FF8-435C-9369-A475739A4629}"
EndProject
Project("{2150E333-8FDC-42A3-9474-1A3956D46DE8}") = "Service", "Service", "{E4E8012C-8334-44C3-9E2F-BC3295E124B9}"
EndProject
Project("{2150E333-8FDC-42A3-9474-1A3956D46DE8}") = "Winfrom", "Winfrom", "{174C2405-3CC1-4D58-A8B4-37988D51C681}"
EndProject
Project("{2150E333-8FDC-42A3-9474-1A3956D46DE8}") = "WebClient", "WebClient", "{2FD9062E-0DE3-4F69-98F6-2D5432E85EED}"
EndProject
Project("{2150E333-8FDC-42A3-9474-1A3956D46DE8}") = "ActiveX", "ActiveX", "{074C29F3-E583-4AA3-872B-30E35E59F115}"
EndProject
Project("{FAE04EC0-301F-11D3-BF4B-00C04F79EFBC}") = "ActiveXDemo", "ActiveXDemo\ActiveXDemo.csproj", "{37BDFEFA-4854-4DC9-AA42-0420837D5D26}"
EndProject
Global
	GlobalSection(SolutionConfigurationPlatforms) = preSolution
		Debug|Any CPU = Debug|Any CPU
		Release|Any CPU = Release|Any CPU
		Trial|Any CPU = Trial|Any CPU
	EndGlobalSection
	GlobalSection(ProjectConfigurationPlatforms) = postSolution
		{C1293B64-B2CB-46CE-B1AF-7D69F20B79C4}.Debug|Any CPU.ActiveCfg = Debug|Any CPU
		{C1293B64-B2CB-46CE-B1AF-7D69F20B79C4}.Debug|Any CPU.Build.0 = Debug|Any CPU
		{C1293B64-B2CB-46CE-B1AF-7D69F20B79C4}.Release|Any CPU.ActiveCfg = Release|Any CPU
		{C1293B64-B2CB-46CE-B1AF-7D69F20B79C4}.Release|Any CPU.Build.0 = Release|Any CPU
		{C1293B64-B2CB-46CE-B1AF-7D69F20B79C4}.Trial|Any CPU.ActiveCfg = Release|Any CPU
		{C1293B64-B2CB-46CE-B1AF-7D69F20B79C4}.Trial|Any CPU.Build.0 = Release|Any CPU
		{9CA00A75-E3CD-422B-9B4A-1A754CF9919A}.Debug|Any CPU.ActiveCfg = Debug|Any CPU
		{9CA00A75-E3CD-422B-9B4A-1A754CF9919A}.Debug|Any CPU.Build.0 = Debug|Any CPU
		{9CA00A75-E3CD-422B-9B4A-1A754CF9919A}.Release|Any CPU.ActiveCfg = Release|Any CPU
		{9CA00A75-E3CD-422B-9B4A-1A754CF9919A}.Release|Any CPU.Build.0 = Release|Any CPU
		{9CA00A75-E3CD-422B-9B4A-1A754CF9919A}.Trial|Any CPU.ActiveCfg = Release|Any CPU
		{9CA00A75-E3CD-422B-9B4A-1A754CF9919A}.Trial|Any CPU.Build.0 = Release|Any CPU
		{A191D27E-FDBF-4D83-B1C4-FA60D0BA3043}.Debug|Any CPU.ActiveCfg = Debug|Any CPU
		{A191D27E-FDBF-4D83-B1C4-FA60D0BA3043}.Debug|Any CPU.Build.0 = Debug|Any CPU
		{A191D27E-FDBF-4D83-B1C4-FA60D0BA3043}.Release|Any CPU.ActiveCfg = Release|Any CPU
		{A191D27E-FDBF-4D83-B1C4-FA60D0BA3043}.Release|Any CPU.Build.0 = Release|Any CPU
		{A191D27E-FDBF-4D83-B1C4-FA60D0BA3043}.Trial|Any CPU.ActiveCfg = Release|Any CPU
		{A191D27E-FDBF-4D83-B1C4-FA60D0BA3043}.Trial|Any CPU.Build.0 = Release|Any CPU
		{BD9ECF98-0045-4861-803A-6EE62778954E}.Debug|Any CPU.ActiveCfg = Debug|Any CPU
		{BD9ECF98-0045-4861-803A-6EE62778954E}.Debug|Any CPU.Build.0 = Debug|Any CPU
		{BD9ECF98-0045-4861-803A-6EE62778954E}.Release|Any CPU.ActiveCfg = Release|Any CPU
		{BD9ECF98-0045-4861-803A-6EE62778954E}.Release|Any CPU.Build.0 = Release|Any CPU
		{BD9ECF98-0045-4861-803A-6EE62778954E}.Trial|Any CPU.ActiveCfg = Release|Any CPU
		{BD9ECF98-0045-4861-803A-6EE62778954E}.Trial|Any CPU.Build.0 = Release|Any CPU
		{FE7C4232-CE7B-428D-973A-E3209E127981}.Debug|Any CPU.ActiveCfg = Debug|Any CPU
		{FE7C4232-CE7B-428D-973A-E3209E127981}.Debug|Any CPU.Build.0 = Debug|Any CPU
		{FE7C4232-CE7B-428D-973A-E3209E127981}.Release|Any CPU.ActiveCfg = Release|Any CPU
		{FE7C4232-CE7B-428D-973A-E3209E127981}.Release|Any CPU.Build.0 = Release|Any CPU
		{FE7C4232-CE7B-428D-973A-E3209E127981}.Trial|Any CPU.ActiveCfg = Release|Any CPU
		{FE7C4232-CE7B-428D-973A-E3209E127981}.Trial|Any CPU.Build.0 = Release|Any CPU
		{57CCC963-FD76-4F8B-AD4F-CD03F22D47D0}.Debug|Any CPU.ActiveCfg = Debug|Any CPU
		{57CCC963-FD76-4F8B-AD4F-CD03F22D47D0}.Debug|Any CPU.Build.0 = Debug|Any CPU
		{57CCC963-FD76-4F8B-AD4F-CD03F22D47D0}.Release|Any CPU.ActiveCfg = Release|Any CPU
		{57CCC963-FD76-4F8B-AD4F-CD03F22D47D0}.Release|Any CPU.Build.0 = Release|Any CPU
		{57CCC963-FD76-4F8B-AD4F-CD03F22D47D0}.Trial|Any CPU.ActiveCfg = Release|Any CPU
		{57CCC963-FD76-4F8B-AD4F-CD03F22D47D0}.Trial|Any CPU.Build.0 = Release|Any CPU
		{4D6FF020-2120-41C2-9637-7E3C65723119}.Debug|Any CPU.ActiveCfg = Debug|Any CPU
		{4D6FF020-2120-41C2-9637-7E3C65723119}.Debug|Any CPU.Build.0 = Debug|Any CPU
		{4D6FF020-2120-41C2-9637-7E3C65723119}.Release|Any CPU.ActiveCfg = Release|Any CPU
		{4D6FF020-2120-41C2-9637-7E3C65723119}.Release|Any CPU.Build.0 = Release|Any CPU
		{4D6FF020-2120-41C2-9637-7E3C65723119}.Trial|Any CPU.ActiveCfg = Release|Any CPU
		{4D6FF020-2120-41C2-9637-7E3C65723119}.Trial|Any CPU.Build.0 = Release|Any CPU
		{BB674005-6EFC-4666-A4A5-4ABEC060B21F}.Debug|Any CPU.ActiveCfg = Debug|Any CPU
		{BB674005-6EFC-4666-A4A5-4ABEC060B21F}.Debug|Any CPU.Build.0 = Debug|Any CPU
		{BB674005-6EFC-4666-A4A5-4ABEC060B21F}.Release|Any CPU.ActiveCfg = Release|Any CPU
		{BB674005-6EFC-4666-A4A5-4ABEC060B21F}.Release|Any CPU.Build.0 = Release|Any CPU
		{BB674005-6EFC-4666-A4A5-4ABEC060B21F}.Trial|Any CPU.ActiveCfg = Release|Any CPU
		{BB674005-6EFC-4666-A4A5-4ABEC060B21F}.Trial|Any CPU.Build.0 = Release|Any CPU
		{D25FE270-D96A-4B90-BF0B-8AD13ED74337}.Debug|Any CPU.ActiveCfg = Debug|Any CPU
		{D25FE270-D96A-4B90-BF0B-8AD13ED74337}.Debug|Any CPU.Build.0 = Debug|Any CPU
		{D25FE270-D96A-4B90-BF0B-8AD13ED74337}.Release|Any CPU.ActiveCfg = Release|Any CPU
		{D25FE270-D96A-4B90-BF0B-8AD13ED74337}.Release|Any CPU.Build.0 = Release|Any CPU
		{D25FE270-D96A-4B90-BF0B-8AD13ED74337}.Trial|Any CPU.ActiveCfg = Release|Any CPU
		{D25FE270-D96A-4B90-BF0B-8AD13ED74337}.Trial|Any CPU.Build.0 = Release|Any CPU
		{D1E87BC9-60D9-49AB-854C-6B277A580A0F}.Debug|Any CPU.ActiveCfg = Debug|Any CPU
		{D1E87BC9-60D9-49AB-854C-6B277A580A0F}.Debug|Any CPU.Build.0 = Debug|Any CPU
		{D1E87BC9-60D9-49AB-854C-6B277A580A0F}.Release|Any CPU.ActiveCfg = Release|Any CPU
		{D1E87BC9-60D9-49AB-854C-6B277A580A0F}.Release|Any CPU.Build.0 = Release|Any CPU
		{D1E87BC9-60D9-49AB-854C-6B277A580A0F}.Trial|Any CPU.ActiveCfg = Release|Any CPU
		{D1E87BC9-60D9-49AB-854C-6B277A580A0F}.Trial|Any CPU.Build.0 = Release|Any CPU
		{8FFFB3E4-A106-480C-BFD4-B19DBAA7D05E}.Debug|Any CPU.ActiveCfg = Debug|Any CPU
		{8FFFB3E4-A106-480C-BFD4-B19DBAA7D05E}.Debug|Any CPU.Build.0 = Debug|Any CPU
		{8FFFB3E4-A106-480C-BFD4-B19DBAA7D05E}.Release|Any CPU.ActiveCfg = Release|Any CPU
		{8FFFB3E4-A106-480C-BFD4-B19DBAA7D05E}.Release|Any CPU.Build.0 = Release|Any CPU
		{8FFFB3E4-A106-480C-BFD4-B19DBAA7D05E}.Trial|Any CPU.ActiveCfg = Release|Any CPU
		{8FFFB3E4-A106-480C-BFD4-B19DBAA7D05E}.Trial|Any CPU.Build.0 = Release|Any CPU
		{F1D10440-292B-4223-9D95-D71907FA23AD}.Debug|Any CPU.ActiveCfg = Debug|Any CPU
		{F1D10440-292B-4223-9D95-D71907FA23AD}.Debug|Any CPU.Build.0 = Debug|Any CPU
		{F1D10440-292B-4223-9D95-D71907FA23AD}.Release|Any CPU.ActiveCfg = Release|Any CPU
		{F1D10440-292B-4223-9D95-D71907FA23AD}.Release|Any CPU.Build.0 = Release|Any CPU
		{F1D10440-292B-4223-9D95-D71907FA23AD}.Trial|Any CPU.ActiveCfg = Release|Any CPU
		{F1D10440-292B-4223-9D95-D71907FA23AD}.Trial|Any CPU.Build.0 = Release|Any CPU
		{DA00B3D9-7CE5-4634-A7D2-9A6D3F92C382}.Debug|Any CPU.ActiveCfg = Debug|Any CPU
		{DA00B3D9-7CE5-4634-A7D2-9A6D3F92C382}.Debug|Any CPU.Build.0 = Debug|Any CPU
		{DA00B3D9-7CE5-4634-A7D2-9A6D3F92C382}.Release|Any CPU.ActiveCfg = Release|Any CPU
		{DA00B3D9-7CE5-4634-A7D2-9A6D3F92C382}.Release|Any CPU.Build.0 = Release|Any CPU
		{DA00B3D9-7CE5-4634-A7D2-9A6D3F92C382}.Trial|Any CPU.ActiveCfg = Trial|Any CPU
		{DA00B3D9-7CE5-4634-A7D2-9A6D3F92C382}.Trial|Any CPU.Build.0 = Trial|Any CPU
		{37BDFEFA-4854-4DC9-AA42-0420837D5D26}.Debug|Any CPU.ActiveCfg = Debug|Any CPU
		{37BDFEFA-4854-4DC9-AA42-0420837D5D26}.Debug|Any CPU.Build.0 = Debug|Any CPU
		{37BDFEFA-4854-4DC9-AA42-0420837D5D26}.Release|Any CPU.ActiveCfg = Release|Any CPU
		{37BDFEFA-4854-4DC9-AA42-0420837D5D26}.Release|Any CPU.Build.0 = Release|Any CPU
		{37BDFEFA-4854-4DC9-AA42-0420837D5D26}.Trial|Any CPU.ActiveCfg = Release|Any CPU
		{37BDFEFA-4854-4DC9-AA42-0420837D5D26}.Trial|Any CPU.Build.0 = Release|Any CPU
	EndGlobalSection
	GlobalSection(SolutionProperties) = preSolution
		HideSolutionNode = FALSE
	EndGlobalSection
	GlobalSection(NestedProjects) = preSolution
		{C1293B64-B2CB-46CE-B1AF-7D69F20B79C4} = {174C2405-3CC1-4D58-A8B4-37988D51C681}
		{9CA00A75-E3CD-422B-9B4A-1A754CF9919A} = {C3319818-9FF8-435C-9369-A475739A4629}
		{A191D27E-FDBF-4D83-B1C4-FA60D0BA3043} = {C3319818-9FF8-435C-9369-A475739A4629}
		{BD9ECF98-0045-4861-803A-6EE62778954E} = {E4E8012C-8334-44C3-9E2F-BC3295E124B9}
		{FE7C4232-CE7B-428D-973A-E3209E127981} = {E4E8012C-8334-44C3-9E2F-BC3295E124B9}
		{57CCC963-FD76-4F8B-AD4F-CD03F22D47D0} = {E4E8012C-8334-44C3-9E2F-BC3295E124B9}
		{4D6FF020-2120-41C2-9637-7E3C65723119} = {2FD9062E-0DE3-4F69-98F6-2D5432E85EED}
		{BB674005-6EFC-4666-A4A5-4ABEC060B21F} = {174C2405-3CC1-4D58-A8B4-37988D51C681}
		{D25FE270-D96A-4B90-BF0B-8AD13ED74337} = {174C2405-3CC1-4D58-A8B4-37988D51C681}
		{D1E87BC9-60D9-49AB-854C-6B277A580A0F} = {174C2405-3CC1-4D58-A8B4-37988D51C681}
		{8FFFB3E4-A106-480C-BFD4-B19DBAA7D05E} = {174C2405-3CC1-4D58-A8B4-37988D51C681}
		{F1D10440-292B-4223-9D95-D71907FA23AD} = {174C2405-3CC1-4D58-A8B4-37988D51C681}
		{B9EB4D8C-15BE-4C31-8B52-BD82D243B581} = {174C2405-3CC1-4D58-A8B4-37988D51C681}
		{DA00B3D9-7CE5-4634-A7D2-9A6D3F92C382} = {B9EB4D8C-15BE-4C31-8B52-BD82D243B581}
		{074C29F3-E583-4AA3-872B-30E35E59F115} = {174C2405-3CC1-4D58-A8B4-37988D51C681}
		{37BDFEFA-4854-4DC9-AA42-0420837D5D26} = {074C29F3-E583-4AA3-872B-30E35E59F115}
	EndGlobalSection
	GlobalSection(ExtensibilityGlobals) = postSolution
		SolutionGuid = {82CD1331-64D4-4E93-87A1-8C3F8B6AF689}
	EndGlobalSection
EndGlobal
