
Microsoft Visual Studio Solution File, Format Version 12.00
# Visual Studio Version 16
VisualStudioVersion = 16.0.28729.10
MinimumVisualStudioVersion = 10.0.40219.1
Project("{FAE04EC0-301F-11D3-BF4B-00C04F79EFBC}") = "test", "test\test.csproj", "{C1293B64-B2CB-46CE-B1AF-7D69F20B79C4}"
EndProject
Project("{FAE04EC0-301F-11D3-BF4B-00C04F79EFBC}") = "ConsoleApp", "ConsoleApp\ConsoleApp.csproj", "{9CA00A75-E3CD-422B-9B4A-1A754CF9919A}"
EndProject
Project("{9A19103F-16F7-4668-BE54-9A1E7A4F7556}") = "ConsoleApp1", "ConsoleApp1\ConsoleApp1.csproj", "{A191D27E-FDBF-4D83-B1C4-FA60D0BA3043}"
EndProject
Project("{FAE04EC0-301F-11D3-BF4B-00C04F79EFBC}") = "WcfServiceLibrary1", "WcfServiceLibrary1\WcfServiceLibrary1.csproj", "{BD9ECF98-0045-4861-803A-6EE62778954E}"
EndProject
Project("{FAE04EC0-301F-11D3-BF4B-00C04F79EFBC}") = "WCFService", "WCFService\WCFService.csproj", "{FE7C4232-CE7B-428D-973A-E3209E127981}"
EndProject
Project("{FAE04EC0-301F-11D3-BF4B-00C04F79EFBC}") = "WindowsService", "WindowsService\WindowsService.csproj", "{57CCC963-FD76-4F8B-AD4F-CD03F22D47D0}"
EndProject
Project("{FAE04EC0-301F-11D3-BF4B-00C04F79EFBC}") = "WebApplication1", "WebApplication1\WebApplication1.csproj", "{4D6FF020-2120-41C2-9637-7E3C65723119}"
EndProject
Project("{FAE04EC0-301F-11D3-BF4B-00C04F79EFBC}") = "WordInFromWindows", "WordInFromWindows\WordInFromWindows.csproj", "{BB674005-6EFC-4666-A4A5-4ABEC060B21F}"
EndProject
Project("{FAE04EC0-301F-11D3-BF4B-00C04F79EFBC}") = "WPSTest", "WPSTest\WPSTest.csproj", "{D25FE270-D96A-4B90-BF0B-8AD13ED74337}"
EndProject
Project("{FAE04EC0-301F-11D3-BF4B-00C04F79EFBC}") = "DemoRichText", "..\DemoRichText\DemoRichText.csproj", "{D1E87BC9-60D9-49AB-854C-6B277A580A0F}"
EndProject
Project("{FAE04EC0-301F-11D3-BF4B-00C04F79EFBC}") = "CustomControl", "CustomControl\CustomControl.csproj", "{8FFFB3E4-A106-480C-BFD4-B19DBAA7D05E}"
EndProject
Project("{FAE04EC0-301F-11D3-BF4B-00C04F79EFBC}") = "DemoCustom", "DemoCustom\DemoCustom.csproj", "{F1D10440-292B-4223-9D95-D71907FA23AD}"
EndProject
Global
	GlobalSection(SolutionConfigurationPlatforms) = preSolution
		Debug|Any CPU = Debug|Any CPU
		Release|Any CPU = Release|Any CPU
	EndGlobalSection
	GlobalSection(ProjectConfigurationPlatforms) = postSolution
		{C1293B64-B2CB-46CE-B1AF-7D69F20B79C4}.Debug|Any CPU.ActiveCfg = Debug|Any CPU
		{C1293B64-B2CB-46CE-B1AF-7D69F20B79C4}.Debug|Any CPU.Build.0 = Debug|Any CPU
		{C1293B64-B2CB-46CE-B1AF-7D69F20B79C4}.Release|Any CPU.ActiveCfg = Release|Any CPU
		{C1293B64-B2CB-46CE-B1AF-7D69F20B79C4}.Release|Any CPU.Build.0 = Release|Any CPU
		{9CA00A75-E3CD-422B-9B4A-1A754CF9919A}.Debug|Any CPU.ActiveCfg = Debug|Any CPU
		{9CA00A75-E3CD-422B-9B4A-1A754CF9919A}.Debug|Any CPU.Build.0 = Debug|Any CPU
		{9CA00A75-E3CD-422B-9B4A-1A754CF9919A}.Release|Any CPU.ActiveCfg = Release|Any CPU
		{9CA00A75-E3CD-422B-9B4A-1A754CF9919A}.Release|Any CPU.Build.0 = Release|Any CPU
		{A191D27E-FDBF-4D83-B1C4-FA60D0BA3043}.Debug|Any CPU.ActiveCfg = Debug|Any CPU
		{A191D27E-FDBF-4D83-B1C4-FA60D0BA3043}.Debug|Any CPU.Build.0 = Debug|Any CPU
		{A191D27E-FDBF-4D83-B1C4-FA60D0BA3043}.Release|Any CPU.ActiveCfg = Release|Any CPU
		{A191D27E-FDBF-4D83-B1C4-FA60D0BA3043}.Release|Any CPU.Build.0 = Release|Any CPU
		{BD9ECF98-0045-4861-803A-6EE62778954E}.Debug|Any CPU.ActiveCfg = Debug|Any CPU
		{BD9ECF98-0045-4861-803A-6EE62778954E}.Debug|Any CPU.Build.0 = Debug|Any CPU
		{BD9ECF98-0045-4861-803A-6EE62778954E}.Release|Any CPU.ActiveCfg = Release|Any CPU
		{BD9ECF98-0045-4861-803A-6EE62778954E}.Release|Any CPU.Build.0 = Release|Any CPU
		{FE7C4232-CE7B-428D-973A-E3209E127981}.Debug|Any CPU.ActiveCfg = Debug|Any CPU
		{FE7C4232-CE7B-428D-973A-E3209E127981}.Debug|Any CPU.Build.0 = Debug|Any CPU
		{FE7C4232-CE7B-428D-973A-E3209E127981}.Release|Any CPU.ActiveCfg = Release|Any CPU
		{FE7C4232-CE7B-428D-973A-E3209E127981}.Release|Any CPU.Build.0 = Release|Any CPU
		{57CCC963-FD76-4F8B-AD4F-CD03F22D47D0}.Debug|Any CPU.ActiveCfg = Debug|Any CPU
		{57CCC963-FD76-4F8B-AD4F-CD03F22D47D0}.Debug|Any CPU.Build.0 = Debug|Any CPU
		{57CCC963-FD76-4F8B-AD4F-CD03F22D47D0}.Release|Any CPU.ActiveCfg = Release|Any CPU
		{57CCC963-FD76-4F8B-AD4F-CD03F22D47D0}.Release|Any CPU.Build.0 = Release|Any CPU
		{4D6FF020-2120-41C2-9637-7E3C65723119}.Debug|Any CPU.ActiveCfg = Debug|Any CPU
		{4D6FF020-2120-41C2-9637-7E3C65723119}.Debug|Any CPU.Build.0 = Debug|Any CPU
		{4D6FF020-2120-41C2-9637-7E3C65723119}.Release|Any CPU.ActiveCfg = Release|Any CPU
		{4D6FF020-2120-41C2-9637-7E3C65723119}.Release|Any CPU.Build.0 = Release|Any CPU
		{BB674005-6EFC-4666-A4A5-4ABEC060B21F}.Debug|Any CPU.ActiveCfg = Debug|Any CPU
		{BB674005-6EFC-4666-A4A5-4ABEC060B21F}.Debug|Any CPU.Build.0 = Debug|Any CPU
		{BB674005-6EFC-4666-A4A5-4ABEC060B21F}.Release|Any CPU.ActiveCfg = Release|Any CPU
		{BB674005-6EFC-4666-A4A5-4ABEC060B21F}.Release|Any CPU.Build.0 = Release|Any CPU
		{D25FE270-D96A-4B90-BF0B-8AD13ED74337}.Debug|Any CPU.ActiveCfg = Debug|Any CPU
		{D25FE270-D96A-4B90-BF0B-8AD13ED74337}.Debug|Any CPU.Build.0 = Debug|Any CPU
		{D25FE270-D96A-4B90-BF0B-8AD13ED74337}.Release|Any CPU.ActiveCfg = Release|Any CPU
		{D25FE270-D96A-4B90-BF0B-8AD13ED74337}.Release|Any CPU.Build.0 = Release|Any CPU
		{D1E87BC9-60D9-49AB-854C-6B277A580A0F}.Debug|Any CPU.ActiveCfg = Debug|Any CPU
		{D1E87BC9-60D9-49AB-854C-6B277A580A0F}.Debug|Any CPU.Build.0 = Debug|Any CPU
		{D1E87BC9-60D9-49AB-854C-6B277A580A0F}.Release|Any CPU.ActiveCfg = Release|Any CPU
		{D1E87BC9-60D9-49AB-854C-6B277A580A0F}.Release|Any CPU.Build.0 = Release|Any CPU
		{8FFFB3E4-A106-480C-BFD4-B19DBAA7D05E}.Debug|Any CPU.ActiveCfg = Debug|Any CPU
		{8FFFB3E4-A106-480C-BFD4-B19DBAA7D05E}.Debug|Any CPU.Build.0 = Debug|Any CPU
		{8FFFB3E4-A106-480C-BFD4-B19DBAA7D05E}.Release|Any CPU.ActiveCfg = Release|Any CPU
		{8FFFB3E4-A106-480C-BFD4-B19DBAA7D05E}.Release|Any CPU.Build.0 = Release|Any CPU
		{F1D10440-292B-4223-9D95-D71907FA23AD}.Debug|Any CPU.ActiveCfg = Debug|Any CPU
		{F1D10440-292B-4223-9D95-D71907FA23AD}.Debug|Any CPU.Build.0 = Debug|Any CPU
		{F1D10440-292B-4223-9D95-D71907FA23AD}.Release|Any CPU.ActiveCfg = Release|Any CPU
		{F1D10440-292B-4223-9D95-D71907FA23AD}.Release|Any CPU.Build.0 = Release|Any CPU
	EndGlobalSection
	GlobalSection(SolutionProperties) = preSolution
		HideSolutionNode = FALSE
	EndGlobalSection
	GlobalSection(ExtensibilityGlobals) = postSolution
		SolutionGuid = {82CD1331-64D4-4E93-87A1-8C3F8B6AF689}
	EndGlobalSection
EndGlobal
